
Microsoft Visual Studio Solution File, Format Version 12.00
# Visual Studio Version 16
VisualStudioVersion = 16.0.30611.23
MinimumVisualStudioVersion = 10.0.40219.1
Project("{FAE04EC0-301F-11D3-BF4B-00C04F79EFBC}") = "SolidPrinciples.Tests", "SolidPrinciples.Tests\SolidPrinciples.Tests.csproj", "{73C6711D-D744-4355-A230-84F92290FF4A}"
EndProject
Project("{FAE04EC0-301F-11D3-BF4B-00C04F79EFBC}") = "SolidPrinciples.ProductPrinter", "SolidPrinciples.Reporting\SolidPrinciples.Reporting.csproj", "{6129F7C0-CF0A-4017-BC68-CB9D72A42AFE}"
EndProject
Global
	GlobalSection(SolutionConfigurationPlatforms) = preSolution
		Debug|Any CPU = Debug|Any CPU
		Release|Any CPU = Release|Any CPU
	EndGlobalSection
	GlobalSection(ProjectConfigurationPlatforms) = postSolution
		{73C6711D-D744-4355-A230-84F92290FF4A}.Debug|Any CPU.ActiveCfg = Debug|Any CPU
		{73C6711D-D744-4355-A230-84F92290FF4A}.Debug|Any CPU.Build.0 = Debug|Any CPU
		{73C6711D-D744-4355-A230-84F92290FF4A}.Release|Any CPU.ActiveCfg = Release|Any CPU
		{73C6711D-D744-4355-A230-84F92290FF4A}.Release|Any CPU.Build.0 = Release|Any CPU
		{6129F7C0-CF0A-4017-BC68-CB9D72A42AFE}.Debug|Any CPU.ActiveCfg = Debug|Any CPU
		{6129F7C0-CF0A-4017-BC68-CB9D72A42AFE}.Debug|Any CPU.Build.0 = Debug|Any CPU
		{6129F7C0-CF0A-4017-BC68-CB9D72A42AFE}.Release|Any CPU.ActiveCfg = Release|Any CPU
		{6129F7C0-CF0A-4017-BC68-CB9D72A42AFE}.Release|Any CPU.Build.0 = Release|Any CPU
	EndGlobalSection
	GlobalSection(SolutionProperties) = preSolution
		HideSolutionNode = FALSE
	EndGlobalSection
	GlobalSection(ExtensibilityGlobals) = postSolution
		SolutionGuid = {E4BDBE7A-BA89-4A92-88BB-BB95576AD95C}
	EndGlobalSection
EndGlobal
